// !$*UTF8*$!
{
	archiveVersion = 1;
	classes = {
	};
	objectVersion = 55;
	objects = {

/* Begin PBXBuildFile section */
		8E0EBD4E28B8970700C30D94 /* Morning-Kiss.mp3 in Resources */ = {isa = PBXBuildFile; fileRef = 8E0EBD4D28B8970700C30D94 /* Morning-Kiss.mp3 */; };
		8E0EBD5628B8A07400C30D94 /* Morning Kiss.mp3 in Resources */ = {isa = PBXBuildFile; fileRef = 8E0EBD5528B8A07400C30D94 /* Morning Kiss.mp3 */; };
		8E7E5CE028AA8D81000C30B5 /* AlarmResultViewController.swift in Sources */ = {isa = PBXBuildFile; fileRef = 8E7E5CDF28AA8D81000C30B5 /* AlarmResultViewController.swift */; };
		8E7E5CE228AA8DC2000C30B5 /* WeatherInformation.swift in Sources */ = {isa = PBXBuildFile; fileRef = 8E7E5CE128AA8DC2000C30B5 /* WeatherInformation.swift */; };
		8E7E5CE428AA8DE2000C30B5 /* ErrorMessage.swift in Sources */ = {isa = PBXBuildFile; fileRef = 8E7E5CE328AA8DE2000C30B5 /* ErrorMessage.swift */; };
		8ECA8E3828A64F7C00C8CBCC /* AppDelegate.swift in Sources */ = {isa = PBXBuildFile; fileRef = 8ECA8E3728A64F7C00C8CBCC /* AppDelegate.swift */; };
		8ECA8E3A28A64F7C00C8CBCC /* SceneDelegate.swift in Sources */ = {isa = PBXBuildFile; fileRef = 8ECA8E3928A64F7C00C8CBCC /* SceneDelegate.swift */; };
		8ECA8E3F28A64F7C00C8CBCC /* Main.storyboard in Resources */ = {isa = PBXBuildFile; fileRef = 8ECA8E3D28A64F7C00C8CBCC /* Main.storyboard */; };
		8ECA8E4128A64F7C00C8CBCC /* Assets.xcassets in Resources */ = {isa = PBXBuildFile; fileRef = 8ECA8E4028A64F7C00C8CBCC /* Assets.xcassets */; };
		8ECA8E4428A64F7C00C8CBCC /* LaunchScreen.storyboard in Resources */ = {isa = PBXBuildFile; fileRef = 8ECA8E4228A64F7C00C8CBCC /* LaunchScreen.storyboard */; };
		8EE1921228BF4FC40044EA64 /* Snow.sks in Resources */ = {isa = PBXBuildFile; fileRef = 8EE1921028BF4FC40044EA64 /* Snow.sks */; };
		8EE1921328BF4FC40044EA64 /* Assets.xcassets in Resources */ = {isa = PBXBuildFile; fileRef = 8EE1921128BF4FC40044EA64 /* Assets.xcassets */; };
		8EE1921528BF546D0044EA64 /* SnowScene.swift in Sources */ = {isa = PBXBuildFile; fileRef = 8EE1921428BF546D0044EA64 /* SnowScene.swift */; };
		8EFD555E28A8F75500B2C726 /* SetAlarmViewController.swift in Sources */ = {isa = PBXBuildFile; fileRef = 8EFD555D28A8F75500B2C726 /* SetAlarmViewController.swift */; };
		8EFD556028A8F7BC00B2C726 /* TimerStatus.swift in Sources */ = {isa = PBXBuildFile; fileRef = 8EFD555F28A8F7BC00B2C726 /* TimerStatus.swift */; };
		8EFD556228A8F7E600B2C726 /* Alert.swift in Sources */ = {isa = PBXBuildFile; fileRef = 8EFD556128A8F7E600B2C726 /* Alert.swift */; };
		8EFD556428A8F88400B2C726 /* UNUserNotificationCenter.swift in Sources */ = {isa = PBXBuildFile; fileRef = 8EFD556328A8F88400B2C726 /* UNUserNotificationCenter.swift */; };
		8EFD556628A9012700B2C726 /* SetLocationViewController.swift in Sources */ = {isa = PBXBuildFile; fileRef = 8EFD556528A9012700B2C726 /* SetLocationViewController.swift */; };
/* End PBXBuildFile section */

/* Begin PBXFileReference section */
		8E0EBD4D28B8970700C30D94 /* Morning-Kiss.mp3 */ = {isa = PBXFileReference; lastKnownFileType = audio.mp3; path = "Morning-Kiss.mp3"; sourceTree = "<group>"; };
		8E0EBD5528B8A07400C30D94 /* Morning Kiss.mp3 */ = {isa = PBXFileReference; lastKnownFileType = audio.mp3; path = "Morning Kiss.mp3"; sourceTree = "<group>"; };
		8E7E5CDC28AA8CF8000C30B5 /* FashionAlarm.app */ = {isa = PBXFileReference; explicitFileType = wrapper.application; includeInIndex = 0; path = FashionAlarm.app; sourceTree = BUILT_PRODUCTS_DIR; };
		8E7E5CDF28AA8D81000C30B5 /* AlarmResultViewController.swift */ = {isa = PBXFileReference; lastKnownFileType = sourcecode.swift; path = AlarmResultViewController.swift; sourceTree = "<group>"; };
		8E7E5CE128AA8DC2000C30B5 /* WeatherInformation.swift */ = {isa = PBXFileReference; lastKnownFileType = sourcecode.swift; path = WeatherInformation.swift; sourceTree = "<group>"; };
		8E7E5CE328AA8DE2000C30B5 /* ErrorMessage.swift */ = {isa = PBXFileReference; lastKnownFileType = sourcecode.swift; path = ErrorMessage.swift; sourceTree = "<group>"; };
		8ECA8E3728A64F7C00C8CBCC /* AppDelegate.swift */ = {isa = PBXFileReference; lastKnownFileType = sourcecode.swift; path = AppDelegate.swift; sourceTree = "<group>"; };
		8ECA8E3928A64F7C00C8CBCC /* SceneDelegate.swift */ = {isa = PBXFileReference; lastKnownFileType = sourcecode.swift; path = SceneDelegate.swift; sourceTree = "<group>"; };
		8ECA8E3E28A64F7C00C8CBCC /* Base */ = {isa = PBXFileReference; lastKnownFileType = file.storyboard; name = Base; path = Base.lproj/Main.storyboard; sourceTree = "<group>"; };
		8ECA8E4028A64F7C00C8CBCC /* Assets.xcassets */ = {isa = PBXFileReference; lastKnownFileType = folder.assetcatalog; name = Assets.xcassets; path = Resources/Assets.xcassets; sourceTree = "<group>"; };
		8ECA8E4328A64F7C00C8CBCC /* Base */ = {isa = PBXFileReference; lastKnownFileType = file.storyboard; name = Base; path = Base.lproj/LaunchScreen.storyboard; sourceTree = "<group>"; };
		8ECA8E4528A64F7C00C8CBCC /* Info.plist */ = {isa = PBXFileReference; lastKnownFileType = text.plist.xml; path = Info.plist; sourceTree = "<group>"; };
		8EE1921028BF4FC40044EA64 /* Snow.sks */ = {isa = PBXFileReference; lastKnownFileType = file.sks; path = Snow.sks; sourceTree = "<group>"; };
		8EE1921128BF4FC40044EA64 /* Assets.xcassets */ = {isa = PBXFileReference; lastKnownFileType = folder.assetcatalog; path = Assets.xcassets; sourceTree = "<group>"; };
		8EE1921428BF546D0044EA64 /* SnowScene.swift */ = {isa = PBXFileReference; lastKnownFileType = sourcecode.swift; path = SnowScene.swift; sourceTree = "<group>"; };
		8EFD555D28A8F75500B2C726 /* SetAlarmViewController.swift */ = {isa = PBXFileReference; lastKnownFileType = sourcecode.swift; path = SetAlarmViewController.swift; sourceTree = "<group>"; };
		8EFD555F28A8F7BC00B2C726 /* TimerStatus.swift */ = {isa = PBXFileReference; lastKnownFileType = sourcecode.swift; path = TimerStatus.swift; sourceTree = "<group>"; };
		8EFD556128A8F7E600B2C726 /* Alert.swift */ = {isa = PBXFileReference; lastKnownFileType = sourcecode.swift; path = Alert.swift; sourceTree = "<group>"; };
		8EFD556328A8F88400B2C726 /* UNUserNotificationCenter.swift */ = {isa = PBXFileReference; lastKnownFileType = sourcecode.swift; path = UNUserNotificationCenter.swift; sourceTree = "<group>"; };
		8EFD556528A9012700B2C726 /* SetLocationViewController.swift */ = {isa = PBXFileReference; lastKnownFileType = sourcecode.swift; path = SetLocationViewController.swift; sourceTree = "<group>"; };
/* End PBXFileReference section */

/* Begin PBXFrameworksBuildPhase section */
		8ECA8E3128A64F7C00C8CBCC /* Frameworks */ = {
			isa = PBXFrameworksBuildPhase;
			buildActionMask = 2147483647;
			files = (
			);
			runOnlyForDeploymentPostprocessing = 0;
		};
/* End PBXFrameworksBuildPhase section */

/* Begin PBXGroup section */
		8E0BD65028AE16E10067B281 /* Resources */ = {
			isa = PBXGroup;
			children = (
				8ECA8E3728A64F7C00C8CBCC /* AppDelegate.swift */,
				8ECA8E3928A64F7C00C8CBCC /* SceneDelegate.swift */,
				8ECA8E3D28A64F7C00C8CBCC /* Main.storyboard */,
				8ECA8E4228A64F7C00C8CBCC /* LaunchScreen.storyboard */,
			);
			path = Resources;
			sourceTree = "<group>";
		};
		8E0BD65128AE16EA0067B281 /* Sources */ = {
			isa = PBXGroup;
			children = (
				8E0BD65228AE16F40067B281 /* VCs */,
				8E0BD65528AE185E0067B281 /* Collections */,
				8E0BD65428AE17830067B281 /* Classes */,
			);
			path = Sources;
			sourceTree = "<group>";
		};
		8E0BD65228AE16F40067B281 /* VCs */ = {
			isa = PBXGroup;
			children = (
				8EFD555D28A8F75500B2C726 /* SetAlarmViewController.swift */,
				8EFD556528A9012700B2C726 /* SetLocationViewController.swift */,
				8E7E5CDF28AA8D81000C30B5 /* AlarmResultViewController.swift */,
			);
			path = VCs;
			sourceTree = "<group>";
		};
		8E0BD65428AE17830067B281 /* Classes */ = {
			isa = PBXGroup;
			children = (
				8EFD556328A8F88400B2C726 /* UNUserNotificationCenter.swift */,
			);
			path = Classes;
			sourceTree = "<group>";
		};
		8E0BD65528AE185E0067B281 /* Collections */ = {
			isa = PBXGroup;
			children = (
				8EFD555F28A8F7BC00B2C726 /* TimerStatus.swift */,
				8EFD556128A8F7E600B2C726 /* Alert.swift */,
				8E7E5CE128AA8DC2000C30B5 /* WeatherInformation.swift */,
				8E7E5CE328AA8DE2000C30B5 /* ErrorMessage.swift */,
			);
			path = Collections;
			sourceTree = "<group>";
		};
		8ECA8E2B28A64F7C00C8CBCC = {
			isa = PBXGroup;
			children = (
				8ECA8E3628A64F7C00C8CBCC /* FashionAlarm */,
				8E7E5CDC28AA8CF8000C30B5 /* FashionAlarm.app */,
			);
			sourceTree = "<group>";
		};
		8ECA8E3628A64F7C00C8CBCC /* FashionAlarm */ = {
			isa = PBXGroup;
			children = (
				8E0EBD5528B8A07400C30D94 /* Morning Kiss.mp3 */,
				8E0EBD4D28B8970700C30D94 /* Morning-Kiss.mp3 */,
				8E0BD65028AE16E10067B281 /* Resources */,
				8E0BD65128AE16EA0067B281 /* Sources */,
				8ECA8E4528A64F7C00C8CBCC /* Info.plist */,
				8ECA8E4028A64F7C00C8CBCC /* Assets.xcassets */,
				8EE1921028BF4FC40044EA64 /* Snow.sks */,
				8EE1921128BF4FC40044EA64 /* Assets.xcassets */,
				8EE1921428BF546D0044EA64 /* SnowScene.swift */,
			);
			path = FashionAlarm;
			sourceTree = "<group>";
		};
/* End PBXGroup section */

/* Begin PBXNativeTarget section */
		8ECA8E3328A64F7C00C8CBCC /* FashionAlarm */ = {
			isa = PBXNativeTarget;
			buildConfigurationList = 8ECA8E4828A64F7C00C8CBCC /* Build configuration list for PBXNativeTarget "FashionAlarm" */;
			buildPhases = (
				8ECA8E3028A64F7C00C8CBCC /* Sources */,
				8ECA8E3128A64F7C00C8CBCC /* Frameworks */,
				8ECA8E3228A64F7C00C8CBCC /* Resources */,
			);
			buildRules = (
			);
			dependencies = (
			);
			name = FashionAlarm;
			productName = FashionAlarm;
			productReference = 8E7E5CDC28AA8CF8000C30B5 /* FashionAlarm.app */;
			productType = "com.apple.product-type.application";
		};
/* End PBXNativeTarget section */

/* Begin PBXProject section */
		8ECA8E2C28A64F7C00C8CBCC /* Project object */ = {
			isa = PBXProject;
			attributes = {
				BuildIndependentTargetsInParallel = 1;
				LastSwiftUpdateCheck = 1400;
				LastUpgradeCheck = 1400;
				TargetAttributes = {
					8ECA8E3328A64F7C00C8CBCC = {
						CreatedOnToolsVersion = 14.0;
					};
				};
			};
			buildConfigurationList = 8ECA8E2F28A64F7C00C8CBCC /* Build configuration list for PBXProject "FashionAlarm" */;
			compatibilityVersion = "Xcode 13.0";
			developmentRegion = en;
			hasScannedForEncodings = 0;
			knownRegions = (
				en,
				Base,
			);
			mainGroup = 8ECA8E2B28A64F7C00C8CBCC;
			productRefGroup = 8ECA8E2B28A64F7C00C8CBCC;
			projectDirPath = "";
			projectRoot = "";
			targets = (
				8ECA8E3328A64F7C00C8CBCC /* FashionAlarm */,
			);
		};
/* End PBXProject section */

/* Begin PBXResourcesBuildPhase section */
		8ECA8E3228A64F7C00C8CBCC /* Resources */ = {
			isa = PBXResourcesBuildPhase;
			buildActionMask = 2147483647;
			files = (
				8EE1921228BF4FC40044EA64 /* Snow.sks in Resources */,
				8E0EBD5628B8A07400C30D94 /* Morning Kiss.mp3 in Resources */,
				8ECA8E4428A64F7C00C8CBCC /* LaunchScreen.storyboard in Resources */,
				8ECA8E4128A64F7C00C8CBCC /* Assets.xcassets in Resources */,
				8EE1921328BF4FC40044EA64 /* Assets.xcassets in Resources */,
				8ECA8E3F28A64F7C00C8CBCC /* Main.storyboard in Resources */,
				8E0EBD4E28B8970700C30D94 /* Morning-Kiss.mp3 in Resources */,
			);
			runOnlyForDeploymentPostprocessing = 0;
		};
/* End PBXResourcesBuildPhase section */

/* Begin PBXSourcesBuildPhase section */
		8ECA8E3028A64F7C00C8CBCC /* Sources */ = {
			isa = PBXSourcesBuildPhase;
			buildActionMask = 2147483647;
			files = (
				8ECA8E3828A64F7C00C8CBCC /* AppDelegate.swift in Sources */,
				8EFD556628A9012700B2C726 /* SetLocationViewController.swift in Sources */,
				8E7E5CE428AA8DE2000C30B5 /* ErrorMessage.swift in Sources */,
				8EFD556028A8F7BC00B2C726 /* TimerStatus.swift in Sources */,
				8ECA8E3A28A64F7C00C8CBCC /* SceneDelegate.swift in Sources */,
				8E7E5CE228AA8DC2000C30B5 /* WeatherInformation.swift in Sources */,
				8EFD556228A8F7E600B2C726 /* Alert.swift in Sources */,
				8E7E5CE028AA8D81000C30B5 /* AlarmResultViewController.swift in Sources */,
				8EFD555E28A8F75500B2C726 /* SetAlarmViewController.swift in Sources */,
				8EFD556428A8F88400B2C726 /* UNUserNotificationCenter.swift in Sources */,
				8EE1921528BF546D0044EA64 /* SnowScene.swift in Sources */,
			);
			runOnlyForDeploymentPostprocessing = 0;
		};
/* End PBXSourcesBuildPhase section */

/* Begin PBXVariantGroup section */
		8ECA8E3D28A64F7C00C8CBCC /* Main.storyboard */ = {
			isa = PBXVariantGroup;
			children = (
				8ECA8E3E28A64F7C00C8CBCC /* Base */,
			);
			name = Main.storyboard;
			sourceTree = "<group>";
		};
		8ECA8E4228A64F7C00C8CBCC /* LaunchScreen.storyboard */ = {
			isa = PBXVariantGroup;
			children = (
				8ECA8E4328A64F7C00C8CBCC /* Base */,
			);
			name = LaunchScreen.storyboard;
			sourceTree = "<group>";
		};
/* End PBXVariantGroup section */

/* Begin XCBuildConfiguration section */
		8ECA8E4628A64F7C00C8CBCC /* Debug */ = {
			isa = XCBuildConfiguration;
			buildSettings = {
				ALWAYS_SEARCH_USER_PATHS = NO;
				CLANG_ANALYZER_NONNULL = YES;
				CLANG_ANALYZER_NUMBER_OBJECT_CONVERSION = YES_AGGRESSIVE;
				CLANG_CXX_LANGUAGE_STANDARD = "gnu++20";
				CLANG_ENABLE_MODULES = YES;
				CLANG_ENABLE_OBJC_ARC = YES;
				CLANG_ENABLE_OBJC_WEAK = YES;
				CLANG_WARN_BLOCK_CAPTURE_AUTORELEASING = YES;
				CLANG_WARN_BOOL_CONVERSION = YES;
				CLANG_WARN_COMMA = YES;
				CLANG_WARN_CONSTANT_CONVERSION = YES;
				CLANG_WARN_DEPRECATED_OBJC_IMPLEMENTATIONS = YES;
				CLANG_WARN_DIRECT_OBJC_ISA_USAGE = YES_ERROR;
				CLANG_WARN_DOCUMENTATION_COMMENTS = YES;
				CLANG_WARN_EMPTY_BODY = YES;
				CLANG_WARN_ENUM_CONVERSION = YES;
				CLANG_WARN_INFINITE_RECURSION = YES;
				CLANG_WARN_INT_CONVERSION = YES;
				CLANG_WARN_NON_LITERAL_NULL_CONVERSION = YES;
				CLANG_WARN_OBJC_IMPLICIT_RETAIN_SELF = YES;
				CLANG_WARN_OBJC_LITERAL_CONVERSION = YES;
				CLANG_WARN_OBJC_ROOT_CLASS = YES_ERROR;
				CLANG_WARN_QUOTED_INCLUDE_IN_FRAMEWORK_HEADER = YES;
				CLANG_WARN_RANGE_LOOP_ANALYSIS = YES;
				CLANG_WARN_STRICT_PROTOTYPES = YES;
				CLANG_WARN_SUSPICIOUS_MOVE = YES;
				CLANG_WARN_UNGUARDED_AVAILABILITY = YES_AGGRESSIVE;
				CLANG_WARN_UNREACHABLE_CODE = YES;
				CLANG_WARN__DUPLICATE_METHOD_MATCH = YES;
				COPY_PHASE_STRIP = NO;
				DEBUG_INFORMATION_FORMAT = dwarf;
				ENABLE_STRICT_OBJC_MSGSEND = YES;
				ENABLE_TESTABILITY = YES;
				GCC_C_LANGUAGE_STANDARD = gnu11;
				GCC_DYNAMIC_NO_PIC = NO;
				GCC_NO_COMMON_BLOCKS = YES;
				GCC_OPTIMIZATION_LEVEL = 0;
				GCC_PREPROCESSOR_DEFINITIONS = (
					"DEBUG=1",
					"$(inherited)",
				);
				GCC_WARN_64_TO_32_BIT_CONVERSION = YES;
				GCC_WARN_ABOUT_RETURN_TYPE = YES_ERROR;
				GCC_WARN_UNDECLARED_SELECTOR = YES;
				GCC_WARN_UNINITIALIZED_AUTOS = YES_AGGRESSIVE;
				GCC_WARN_UNUSED_FUNCTION = YES;
				GCC_WARN_UNUSED_VARIABLE = YES;
				IPHONEOS_DEPLOYMENT_TARGET = 15.5;
				MTL_ENABLE_DEBUG_INFO = INCLUDE_SOURCE;
				MTL_FAST_MATH = YES;
				ONLY_ACTIVE_ARCH = YES;
				SDKROOT = iphoneos;
				SWIFT_ACTIVE_COMPILATION_CONDITIONS = DEBUG;
				SWIFT_OPTIMIZATION_LEVEL = "-Onone";
			};
			name = Debug;
		};
		8ECA8E4728A64F7C00C8CBCC /* Release */ = {
			isa = XCBuildConfiguration;
			buildSettings = {
				ALWAYS_SEARCH_USER_PATHS = NO;
				CLANG_ANALYZER_NONNULL = YES;
				CLANG_ANALYZER_NUMBER_OBJECT_CONVERSION = YES_AGGRESSIVE;
				CLANG_CXX_LANGUAGE_STANDARD = "gnu++20";
				CLANG_ENABLE_MODULES = YES;
				CLANG_ENABLE_OBJC_ARC = YES;
				CLANG_ENABLE_OBJC_WEAK = YES;
				CLANG_WARN_BLOCK_CAPTURE_AUTORELEASING = YES;
				CLANG_WARN_BOOL_CONVERSION = YES;
				CLANG_WARN_COMMA = YES;
				CLANG_WARN_CONSTANT_CONVERSION = YES;
				CLANG_WARN_DEPRECATED_OBJC_IMPLEMENTATIONS = YES;
				CLANG_WARN_DIRECT_OBJC_ISA_USAGE = YES_ERROR;
				CLANG_WARN_DOCUMENTATION_COMMENTS = YES;
				CLANG_WARN_EMPTY_BODY = YES;
				CLANG_WARN_ENUM_CONVERSION = YES;
				CLANG_WARN_INFINITE_RECURSION = YES;
				CLANG_WARN_INT_CONVERSION = YES;
				CLANG_WARN_NON_LITERAL_NULL_CONVERSION = YES;
				CLANG_WARN_OBJC_IMPLICIT_RETAIN_SELF = YES;
				CLANG_WARN_OBJC_LITERAL_CONVERSION = YES;
				CLANG_WARN_OBJC_ROOT_CLASS = YES_ERROR;
				CLANG_WARN_QUOTED_INCLUDE_IN_FRAMEWORK_HEADER = YES;
				CLANG_WARN_RANGE_LOOP_ANALYSIS = YES;
				CLANG_WARN_STRICT_PROTOTYPES = YES;
				CLANG_WARN_SUSPICIOUS_MOVE = YES;
				CLANG_WARN_UNGUARDED_AVAILABILITY = YES_AGGRESSIVE;
				CLANG_WARN_UNREACHABLE_CODE = YES;
				CLANG_WARN__DUPLICATE_METHOD_MATCH = YES;
				COPY_PHASE_STRIP = NO;
				DEBUG_INFORMATION_FORMAT = "dwarf-with-dsym";
				ENABLE_NS_ASSERTIONS = NO;
				ENABLE_STRICT_OBJC_MSGSEND = YES;
				GCC_C_LANGUAGE_STANDARD = gnu11;
				GCC_NO_COMMON_BLOCKS = YES;
				GCC_WARN_64_TO_32_BIT_CONVERSION = YES;
				GCC_WARN_ABOUT_RETURN_TYPE = YES_ERROR;
				GCC_WARN_UNDECLARED_SELECTOR = YES;
				GCC_WARN_UNINITIALIZED_AUTOS = YES_AGGRESSIVE;
				GCC_WARN_UNUSED_FUNCTION = YES;
				GCC_WARN_UNUSED_VARIABLE = YES;
				IPHONEOS_DEPLOYMENT_TARGET = 15.5;
				MTL_ENABLE_DEBUG_INFO = NO;
				MTL_FAST_MATH = YES;
				SDKROOT = iphoneos;
				SWIFT_COMPILATION_MODE = wholemodule;
				SWIFT_OPTIMIZATION_LEVEL = "-O";
				VALIDATE_PRODUCT = YES;
			};
			name = Release;
		};
		8ECA8E4928A64F7C00C8CBCC /* Debug */ = {
			isa = XCBuildConfiguration;
			buildSettings = {
				ASSETCATALOG_COMPILER_APPICON_NAME = AppIcon;
				ASSETCATALOG_COMPILER_GLOBAL_ACCENT_COLOR_NAME = AccentColor;
				CODE_SIGN_STYLE = Automatic;
				CURRENT_PROJECT_VERSION = 1;
				DEVELOPMENT_TEAM = CT6NFX8K3K;
				GENERATE_INFOPLIST_FILE = YES;
				INFOPLIST_FILE = FashionAlarm/Info.plist;
				INFOPLIST_KEY_UIApplicationSupportsIndirectInputEvents = YES;
				INFOPLIST_KEY_UILaunchStoryboardName = LaunchScreen;
				INFOPLIST_KEY_UIMainStoryboardFile = Main;
				INFOPLIST_KEY_UISupportedInterfaceOrientations_iPad = "UIInterfaceOrientationPortrait UIInterfaceOrientationPortraitUpsideDown UIInterfaceOrientationLandscapeLeft UIInterfaceOrientationLandscapeRight";
				INFOPLIST_KEY_UISupportedInterfaceOrientations_iPhone = "UIInterfaceOrientationPortrait UIInterfaceOrientationLandscapeLeft UIInterfaceOrientationLandscapeRight";
				LD_RUNPATH_SEARCH_PATHS = (
					"$(inherited)",
					"@executable_path/Frameworks",
				);
				MARKETING_VERSION = 1.0;
				PRODUCT_BUNDLE_IDENTIFIER = "io.github.seokjun-ko.FashionAlarm";
				PRODUCT_NAME = "$(TARGET_NAME)";
				SWIFT_EMIT_LOC_STRINGS = YES;
				SWIFT_VERSION = 5.0;
				TARGETED_DEVICE_FAMILY = "1,2";
			};
			name = Debug;
		};
		8ECA8E4A28A64F7C00C8CBCC /* Release */ = {
			isa = XCBuildConfiguration;
			buildSettings = {
				ASSETCATALOG_COMPILER_APPICON_NAME = AppIcon;
				ASSETCATALOG_COMPILER_GLOBAL_ACCENT_COLOR_NAME = AccentColor;
				CODE_SIGN_STYLE = Automatic;
				CURRENT_PROJECT_VERSION = 1;
				DEVELOPMENT_TEAM = CT6NFX8K3K;
				GENERATE_INFOPLIST_FILE = YES;
				INFOPLIST_FILE = FashionAlarm/Info.plist;
				INFOPLIST_KEY_UIApplicationSupportsIndirectInputEvents = YES;
				INFOPLIST_KEY_UILaunchStoryboardName = LaunchScreen;
				INFOPLIST_KEY_UIMainStoryboardFile = Main;
				INFOPLIST_KEY_UISupportedInterfaceOrientations_iPad = "UIInterfaceOrientationPortrait UIInterfaceOrientationPortraitUpsideDown UIInterfaceOrientationLandscapeLeft UIInterfaceOrientationLandscapeRight";
				INFOPLIST_KEY_UISupportedInterfaceOrientations_iPhone = "UIInterfaceOrientationPortrait UIInterfaceOrientationLandscapeLeft UIInterfaceOrientationLandscapeRight";
				LD_RUNPATH_SEARCH_PATHS = (
					"$(inherited)",
					"@executable_path/Frameworks",
				);
				MARKETING_VERSION = 1.0;
				PRODUCT_BUNDLE_IDENTIFIER = "io.github.seokjun-ko.FashionAlarm";
				PRODUCT_NAME = "$(TARGET_NAME)";
				SWIFT_EMIT_LOC_STRINGS = YES;
				SWIFT_VERSION = 5.0;
				TARGETED_DEVICE_FAMILY = "1,2";
			};
			name = Release;
		};
/* End XCBuildConfiguration section */

/* Begin XCConfigurationList section */
		8ECA8E2F28A64F7C00C8CBCC /* Build configuration list for PBXProject "FashionAlarm" */ = {
			isa = XCConfigurationList;
			buildConfigurations = (
				8ECA8E4628A64F7C00C8CBCC /* Debug */,
				8ECA8E4728A64F7C00C8CBCC /* Release */,
			);
			defaultConfigurationIsVisible = 0;
			defaultConfigurationName = Release;
		};
		8ECA8E4828A64F7C00C8CBCC /* Build configuration list for PBXNativeTarget "FashionAlarm" */ = {
			isa = XCConfigurationList;
			buildConfigurations = (
				8ECA8E4928A64F7C00C8CBCC /* Debug */,
				8ECA8E4A28A64F7C00C8CBCC /* Release */,
			);
			defaultConfigurationIsVisible = 0;
			defaultConfigurationName = Release;
		};
/* End XCConfigurationList section */
	};
	rootObject = 8ECA8E2C28A64F7C00C8CBCC /* Project object */;
}
